
Microsoft Visual Studio Solution File, Format Version 12.00
# Visual Studio Version 17
VisualStudioVersion = 17.9.34310.174
MinimumVisualStudioVersion = 10.0.40219.1
Project("{9A19103F-16F7-4668-BE54-9A1E7A4F7556}") = "RonSijm.VSTools.Sample.ConsoleApp", "RonSijm.VSTools.Sample.ConsoleApp\RonSijm.VSTools.Sample.ConsoleApp.csproj", "{E450F8CA-63C3-4418-AA7B-97B162A2613F}"
EndProject
Project("{FAE04EC0-301F-11D3-BF4B-00C04F79EFBC}") = "RonSijm.VSTools.Sample.Lib1", "RonSijm.VSTools.Sample.Lib1\RonSijm.VSTools.Sample.Lib1.csproj", "{A0BC8B31-B9F2-4997-B3D9-3AFDC3FC9CCA}"
EndProject
Project("{9A19103F-16F7-4668-BE54-9A1E7A4F7556}") = "RonSijm.VSTools.Sample.Lib2", "RonSijm.VSTools.Sample.Lib2\RonSijm.VSTools.Sample.Lib2.csproj", "{E4C66D33-4125-4029-966A-F47E005BDC0F}"
EndProject
Project("{9A19103F-16F7-4668-BE54-9A1E7A4F7556}") = "RonSijm.VSTools.Sample.Lib3", "RonSijm.VSTools.Sample.Lib3\RonSijm.VSTools.Sample.Lib3.csproj", "{08179FF6-C1F4-4568-A3C4-8780A7AC6A13}"
EndProject
Project("{9A19103F-16F7-4668-BE54-9A1E7A4F7556}") = "RonSijm.VSTools.Sample.Lib4", "RonSijm.VSTools.Sample.Lib4\RonSijm.VSTools.Sample.Lib4.csproj", "{463DC79A-41B7-4FC4-8327-0743FE291331}"
EndProject
Project("{9A19103F-16F7-4668-BE54-9A1E7A4F7556}") = "RonSijm.VSTools.Sample.Lib5", "RonSijm.VSTools.Sample.Lib5\RonSijm.VSTools.Sample.Lib5.csproj", "{29FBE218-845D-4986-8D30-65328AAD40BE}"
EndProject
Project("{9A19103F-16F7-4668-BE54-9A1E7A4F7556}") = "RonSijm.VSTools.Sample.Lib6", "RonSijm.VSTools.Sample.Lib6\RonSijm.VSTools.Sample.Lib6.csproj", "{1D362039-85BC-4010-ABF6-218C6B60A1E5}"
EndProject
Project("{9A19103F-16F7-4668-BE54-9A1E7A4F7556}") = "RonSijm.VSTools.Sample.Lib7", "RonSijm.VSTools.Sample.Lib7\RonSijm.VSTools.Sample.Lib7.csproj", "{22B4F0C1-17D8-4E03-B9DE-182CD5F58450}"
EndProject
Project("{9A19103F-16F7-4668-BE54-9A1E7A4F7556}") = "RonSijm.VSTools.Sample.Lib8", "RonSijm.VSTools.Sample.Lib8\RonSijm.VSTools.Sample.Lib8.csproj", "{55B9DE41-C226-476C-8CB9-BB8017231619}"
EndProject
Project("{9A19103F-16F7-4668-BE54-9A1E7A4F7556}") = "RonSijm.VSTools.Sample.Lib9", "RonSijm.VSTools.Sample.Lib9\RonSijm.VSTools.Sample.Lib9.csproj", "{A88AA588-24CE-49AE-BDFB-975B9CFD4643}"
EndProject
Project("{2150E333-8FDC-42A3-9474-1A3956D46DE8}") = "1 - Console", "1 - Console", "{D792B3AF-670E-4724-8FC5-1B704240A77D}"
EndProject
Project("{2150E333-8FDC-42A3-9474-1A3956D46DE8}") = "2 - Libraries", "2 - Libraries", "{7A370931-95B3-4DFF-B988-98E64EFA6EC9}"
EndProject
Project("{2150E333-8FDC-42A3-9474-1A3956D46DE8}") = "Random SubFolder", "Random SubFolder", "{814E0F06-262C-430F-A172-B99AA0DCCEF8}"
EndProject
Project("{2150E333-8FDC-42A3-9474-1A3956D46DE8}") = "Random Subfolder2", "Random Subfolder2", "{D49A52E4-0215-44DC-92E4-31C9EE255ED3}"
EndProject
Project("{2150E333-8FDC-42A3-9474-1A3956D46DE8}") = "Random Subfolder3", "Random Subfolder3", "{EC194F91-8468-40CF-A904-A18A77689DDD}"
EndProject
Global
	GlobalSection(SolutionConfigurationPlatforms) = preSolution
		Debug|Any CPU = Debug|Any CPU
		Release|Any CPU = Release|Any CPU
	EndGlobalSection
	GlobalSection(ProjectConfigurationPlatforms) = postSolution
		{E450F8CA-63C3-4418-AA7B-97B162A2613F}.Debug|Any CPU.ActiveCfg = Debug|Any CPU
		{E450F8CA-63C3-4418-AA7B-97B162A2613F}.Debug|Any CPU.Build.0 = Debug|Any CPU
		{E450F8CA-63C3-4418-AA7B-97B162A2613F}.Release|Any CPU.ActiveCfg = Release|Any CPU
		{E450F8CA-63C3-4418-AA7B-97B162A2613F}.Release|Any CPU.Build.0 = Release|Any CPU
		{A0BC8B31-B9F2-4997-B3D9-3AFDC3FC9CCA}.Debug|Any CPU.ActiveCfg = Debug|Any CPU
		{A0BC8B31-B9F2-4997-B3D9-3AFDC3FC9CCA}.Debug|Any CPU.Build.0 = Debug|Any CPU
		{A0BC8B31-B9F2-4997-B3D9-3AFDC3FC9CCA}.Release|Any CPU.ActiveCfg = Release|Any CPU
		{A0BC8B31-B9F2-4997-B3D9-3AFDC3FC9CCA}.Release|Any CPU.Build.0 = Release|Any CPU
		{E4C66D33-4125-4029-966A-F47E005BDC0F}.Debug|Any CPU.ActiveCfg = Debug|Any CPU
		{E4C66D33-4125-4029-966A-F47E005BDC0F}.Debug|Any CPU.Build.0 = Debug|Any CPU
		{E4C66D33-4125-4029-966A-F47E005BDC0F}.Release|Any CPU.ActiveCfg = Release|Any CPU
		{E4C66D33-4125-4029-966A-F47E005BDC0F}.Release|Any CPU.Build.0 = Release|Any CPU
		{08179FF6-C1F4-4568-A3C4-8780A7AC6A13}.Debug|Any CPU.ActiveCfg = Debug|Any CPU
		{08179FF6-C1F4-4568-A3C4-8780A7AC6A13}.Debug|Any CPU.Build.0 = Debug|Any CPU
		{08179FF6-C1F4-4568-A3C4-8780A7AC6A13}.Release|Any CPU.ActiveCfg = Release|Any CPU
		{08179FF6-C1F4-4568-A3C4-8780A7AC6A13}.Release|Any CPU.Build.0 = Release|Any CPU
		{463DC79A-41B7-4FC4-8327-0743FE291331}.Debug|Any CPU.ActiveCfg = Debug|Any CPU
		{463DC79A-41B7-4FC4-8327-0743FE291331}.Debug|Any CPU.Build.0 = Debug|Any CPU
		{463DC79A-41B7-4FC4-8327-0743FE291331}.Release|Any CPU.ActiveCfg = Release|Any CPU
		{463DC79A-41B7-4FC4-8327-0743FE291331}.Release|Any CPU.Build.0 = Release|Any CPU
		{29FBE218-845D-4986-8D30-65328AAD40BE}.Debug|Any CPU.ActiveCfg = Debug|Any CPU
		{29FBE218-845D-4986-8D30-65328AAD40BE}.Debug|Any CPU.Build.0 = Debug|Any CPU
		{29FBE218-845D-4986-8D30-65328AAD40BE}.Release|Any CPU.ActiveCfg = Release|Any CPU
		{29FBE218-845D-4986-8D30-65328AAD40BE}.Release|Any CPU.Build.0 = Release|Any CPU
		{1D362039-85BC-4010-ABF6-218C6B60A1E5}.Debug|Any CPU.ActiveCfg = Debug|Any CPU
		{1D362039-85BC-4010-ABF6-218C6B60A1E5}.Debug|Any CPU.Build.0 = Debug|Any CPU
		{1D362039-85BC-4010-ABF6-218C6B60A1E5}.Release|Any CPU.ActiveCfg = Release|Any CPU
		{1D362039-85BC-4010-ABF6-218C6B60A1E5}.Release|Any CPU.Build.0 = Release|Any CPU
		{22B4F0C1-17D8-4E03-B9DE-182CD5F58450}.Debug|Any CPU.ActiveCfg = Debug|Any CPU
		{22B4F0C1-17D8-4E03-B9DE-182CD5F58450}.Debug|Any CPU.Build.0 = Debug|Any CPU
		{22B4F0C1-17D8-4E03-B9DE-182CD5F58450}.Release|Any CPU.ActiveCfg = Release|Any CPU
		{22B4F0C1-17D8-4E03-B9DE-182CD5F58450}.Release|Any CPU.Build.0 = Release|Any CPU
		{55B9DE41-C226-476C-8CB9-BB8017231619}.Debug|Any CPU.ActiveCfg = Debug|Any CPU
		{55B9DE41-C226-476C-8CB9-BB8017231619}.Debug|Any CPU.Build.0 = Debug|Any CPU
		{55B9DE41-C226-476C-8CB9-BB8017231619}.Release|Any CPU.ActiveCfg = Release|Any CPU
		{55B9DE41-C226-476C-8CB9-BB8017231619}.Release|Any CPU.Build.0 = Release|Any CPU
		{A88AA588-24CE-49AE-BDFB-975B9CFD4643}.Debug|Any CPU.ActiveCfg = Debug|Any CPU
		{A88AA588-24CE-49AE-BDFB-975B9CFD4643}.Debug|Any CPU.Build.0 = Debug|Any CPU
		{A88AA588-24CE-49AE-BDFB-975B9CFD4643}.Release|Any CPU.ActiveCfg = Release|Any CPU
		{A88AA588-24CE-49AE-BDFB-975B9CFD4643}.Release|Any CPU.Build.0 = Release|Any CPU
	EndGlobalSection
	GlobalSection(SolutionProperties) = preSolution
		HideSolutionNode = FALSE
	EndGlobalSection
	GlobalSection(NestedProjects) = preSolution
		{E450F8CA-63C3-4418-AA7B-97B162A2613F} = {D792B3AF-670E-4724-8FC5-1B704240A77D}
		{A0BC8B31-B9F2-4997-B3D9-3AFDC3FC9CCA} = {814E0F06-262C-430F-A172-B99AA0DCCEF8}
		{E4C66D33-4125-4029-966A-F47E005BDC0F} = {814E0F06-262C-430F-A172-B99AA0DCCEF8}
		{08179FF6-C1F4-4568-A3C4-8780A7AC6A13} = {814E0F06-262C-430F-A172-B99AA0DCCEF8}
		{463DC79A-41B7-4FC4-8327-0743FE291331} = {814E0F06-262C-430F-A172-B99AA0DCCEF8}
		{29FBE218-845D-4986-8D30-65328AAD40BE} = {814E0F06-262C-430F-A172-B99AA0DCCEF8}
		{1D362039-85BC-4010-ABF6-218C6B60A1E5} = {EC194F91-8468-40CF-A904-A18A77689DDD}
		{22B4F0C1-17D8-4E03-B9DE-182CD5F58450} = {EC194F91-8468-40CF-A904-A18A77689DDD}
		{55B9DE41-C226-476C-8CB9-BB8017231619} = {D49A52E4-0215-44DC-92E4-31C9EE255ED3}
		{A88AA588-24CE-49AE-BDFB-975B9CFD4643} = {D49A52E4-0215-44DC-92E4-31C9EE255ED3}
		{814E0F06-262C-430F-A172-B99AA0DCCEF8} = {7A370931-95B3-4DFF-B988-98E64EFA6EC9}
		{D49A52E4-0215-44DC-92E4-31C9EE255ED3} = {7A370931-95B3-4DFF-B988-98E64EFA6EC9}
		{EC194F91-8468-40CF-A904-A18A77689DDD} = {D49A52E4-0215-44DC-92E4-31C9EE255ED3}
	EndGlobalSection
	GlobalSection(ExtensibilityGlobals) = postSolution
		SolutionGuid = {052870B8-C6D5-45C2-B8EB-C0DB66A4C6DB}
	EndGlobalSection
EndGlobal
