
Microsoft Visual Studio Solution File, Format Version 12.00
# Visual Studio Version 17
VisualStudioVersion = 17.9.34310.174
MinimumVisualStudioVersion = 10.0.40219.1
Project("{9A19103F-16F7-4668-BE54-9A1E7A4F7556}") = "RonSijm.VSTools.Sample.ConsoleApp", "RonSijm.VSTools.Sample.ConsoleApp\RonSijm.VSTools.Sample.ConsoleApp.csproj", "{E450F8CA-63C3-4418-AA7B-97B162A2613F}"
EndProject
Project("{9A19103F-16F7-4668-BE54-9A1E7A4F7556}") = "RonSijm.VSTools.Sample.Lib1", "RonSijm.VSTools.Sample.Lib1\RonSijm.VSTools.Sample.Lib1.csproj", "{A0BC8B31-B9F2-4997-B3D9-3AFDC3FC9CCA}"
EndProject
Project("{9A19103F-16F7-4668-BE54-9A1E7A4F7556}") = "RonSijm.VSTools.Sample.Lib2", "RonSijm.VSTools.Sample.Lib2\RonSijm.VSTools.Sample.Lib2.csproj", "{E4C66D33-4125-4029-966A-F47E005BDC0F}"
EndProject
Project("{9A19103F-16F7-4668-BE54-9A1E7A4F7556}") = "RonSijm.VSTools.Sample.Lib3", "RonSijm.VSTools.Sample.Lib3\RonSijm.VSTools.Sample.Lib3.csproj", "{08179FF6-C1F4-4568-A3C4-8780A7AC6A13}"
EndProject
Project("{9A19103F-16F7-4668-BE54-9A1E7A4F7556}") = "RonSijm.VSTools.Sample.Lib4", "RonSijm.VSTools.Sample.Lib4\RonSijm.VSTools.Sample.Lib4.csproj", "{463DC79A-41B7-4FC4-8327-0743FE291331}"
EndProject
Project("{9A19103F-16F7-4668-BE54-9A1E7A4F7556}") = "RonSijm.VSTools.Sample.Lib5", "RonSijm.VSTools.Sample.Lib5\RonSijm.VSTools.Sample.Lib5.csproj", "{29FBE218-845D-4986-8D30-65328AAD40BE}"
EndProject
Project("{9A19103F-16F7-4668-BE54-9A1E7A4F7556}") = "RonSijm.VSTools.Sample.Lib6", "RonSijm.VSTools.Sample.Lib6\RonSijm.VSTools.Sample.Lib6.csproj", "{1D362039-85BC-4010-ABF6-218C6B60A1E5}"
EndProject
Project("{9A19103F-16F7-4668-BE54-9A1E7A4F7556}") = "RonSijm.VSTools.Sample.Lib7", "RonSijm.VSTools.Sample.Lib7\RonSijm.VSTools.Sample.Lib7.csproj", "{22B4F0C1-17D8-4E03-B9DE-182CD5F58450}"
EndProject
Project("{9A19103F-16F7-4668-BE54-9A1E7A4F7556}") = "RonSijm.VSTools.Sample.Lib8", "RonSijm.VSTools.Sample.Lib8\RonSijm.VSTools.Sample.Lib8.csproj", "{55B9DE41-C226-476C-8CB9-BB8017231619}"
EndProject
Project("{9A19103F-16F7-4668-BE54-9A1E7A4F7556}") = "RonSijm.VSTools.Sample.Lib9", "RonSijm.VSTools.Sample.Lib9\RonSijm.VSTools.Sample.Lib9.csproj", "{A88AA588-24CE-49AE-BDFB-975B9CFD4643}"
EndProject
Project("{2150E333-8FDC-42A3-9474-1A3956D46DE8}") = "1 - Console", "1 - Console", "{D792B3AF-670E-4724-8FC5-1B704240A77D}"
EndProject
Project("{2150E333-8FDC-42A3-9474-1A3956D46DE8}") = "2 - Libraries", "2 - Libraries", "{7A370931-95B3-4DFF-B988-98E64EFA6EC9}"
EndProject
Project("{2150E333-8FDC-42A3-9474-1A3956D46DE8}") = "Random SubFolder", "Random SubFolder", "{814E0F06-262C-430F-A172-B99AA0DCCEF8}"
EndProject
Project("{2150E333-8FDC-42A3-9474-1A3956D46DE8}") = "Random Subfolder2", "Random Subfolder2", "{D49A52E4-0215-44DC-92E4-31C9EE255ED3}"
EndProject
Project("{2150E333-8FDC-42A3-9474-1A3956D46DE8}") = "Random Subfolder3", "Random Subfolder3", "{EC194F91-8468-40CF-A904-A18A77689DDD}"
EndProject
Project("{9A19103F-16F7-4668-BE54-9A1E7A4F7556}") = "RonSijm.VSTools.Sample.Lib10", "RonSijm.VSTools.Sample.Lib10\RonSijm.VSTools.Sample.Lib10.csproj", "{3C598CA2-A29F-468E-AC16-9501574B0451}"
EndProject
Project("{9A19103F-16F7-4668-BE54-9A1E7A4F7556}") = "RonSijm.VSTools.Sample.Lib11", "RonSijm.VSTools.Sample.Lib11\RonSijm.VSTools.Sample.Lib11.csproj", "{19A7D654-986D-464D-9DB8-B9F21EBA6AFF}"
EndProject
Project("{9A19103F-16F7-4668-BE54-9A1E7A4F7556}") = "RonSijm.VSTools.Sample.Lib12", "RonSijm.VSTools.Sample.Lib12\RonSijm.VSTools.Sample.Lib12.csproj", "{E8AAD5E2-90EF-4C47-86EB-58FC984F5F54}"
EndProject
Project("{9A19103F-16F7-4668-BE54-9A1E7A4F7556}") = "RonSijm.VSTools.Sample.Lib12.Models", "RonSijm.VSTools.Sample.Lib12.Models\RonSijm.VSTools.Sample.Lib12.Models.csproj", "{459B070A-B111-4D72-9E7B-6217365CD4E1}"
EndProject
Project("{2150E333-8FDC-42A3-9474-1A3956D46DE8}") = "Lib13", "Lib13", "{C1E1C883-597B-4EFD-A470-08595F25D835}"
EndProject
Project("{9A19103F-16F7-4668-BE54-9A1E7A4F7556}") = "RonSijm.VSTools.Sample.Lib13.Project", "RonSijm.VSTools.Sample.Lib13.Project\RonSijm.VSTools.Sample.Lib13.Project.csproj", "{9248F731-5DD4-4E3D-BA5F-6A740C58F8DF}"
EndProject
Project("{9A19103F-16F7-4668-BE54-9A1E7A4F7556}") = "RonSijm.VSTools.Sample.Lib13", "RonSijm.VSTools.Sample.Lib13\RonSijm.VSTools.Sample.Lib13.csproj", "{EA648A94-698A-46CB-AD13-408934CED3B7}"
EndProject
Project("{9A19103F-16F7-4668-BE54-9A1E7A4F7556}") = "RonSijm.VSTools.Sample.Lib13.Project.Models.Lib13-1", "RonSijm.VSTools.Sample.Lib13.Project.Models.Lib13-1\RonSijm.VSTools.Sample.Lib13.Project.Models.Lib13-1.csproj", "{E8C3747F-8E3F-425F-91D9-0EB92CD407DF}"
EndProject
Project("{9A19103F-16F7-4668-BE54-9A1E7A4F7556}") = "RonSijm.VSTools.Sample.Lib13.Project.Models.Lib13-2", "RonSijm.VSTools.Sample.Lib13.Project.Models.Lib13-2\RonSijm.VSTools.Sample.Lib13.Project.Models.Lib13-2.csproj", "{199212E7-EC9D-4686-A22B-F5D1E60296CD}"
EndProject
Project("{2150E333-8FDC-42A3-9474-1A3956D46DE8}") = "Libs", "Libs", "{BDD5CD6E-3925-4328-8927-A38C97024E77}"
EndProject
Project("{9A19103F-16F7-4668-BE54-9A1E7A4F7556}") = "RonSijm.VSTools.Sample.Lib14", "RonSijm.VSTools.Sample.Lib14\RonSijm.VSTools.Sample.Lib14.csproj", "{B64722BE-EE96-4D53-8AA0-122A12607F9A}"
EndProject
Project("{9A19103F-16F7-4668-BE54-9A1E7A4F7556}") = "RonSijm.VSTools.Sample.Lib15", "RonSijm.VSTools.Sample.Lib15\RonSijm.VSTools.Sample.Lib15.csproj", "{500D1D7A-EAE5-4036-A906-F08AB79936C8}"
EndProject
Project("{9A19103F-16F7-4668-BE54-9A1E7A4F7556}") = "RonSijm.VSTools.Sample.Models.Lib15", "RonSijm.VSTools.Sample.Models.Lib15\RonSijm.VSTools.Sample.Models.Lib15.csproj", "{A20A4FF0-A308-4344-8DC0-15B1B7DF8C06}"
EndProject
Project("{9A19103F-16F7-4668-BE54-9A1E7A4F7556}") = "RonSijm.VSTools.Sample.Lib3.Enums", "RonSijm.VSTools.Sample.Lib3.Enums\RonSijm.VSTools.Sample.Lib3.Enums.csproj", "{DE72EDCF-0F04-44B8-BFE5-90DDAEADB0FA}"
EndProject
Project("{9A19103F-16F7-4668-BE54-9A1E7A4F7556}") = "RonSijm.VSTools.Sample.Lib3.Records", "RonSijm.VSTools.Sample.Lib3.Records\RonSijm.VSTools.Sample.Lib3.Records.csproj", "{FFEB4046-9262-49C3-AA5B-5AC07A108C5C}"
EndProject
Project("{9A19103F-16F7-4668-BE54-9A1E7A4F7556}") = "RonSijm.VSTools.Sample.Lib3.OtherStuff", "RonSijm.VSTools.Sample.Lib3.OtherStuff\RonSijm.VSTools.Sample.Lib3.OtherStuff.csproj", "{82067114-BFA4-48F5-B922-3A04C1E538CA}"
EndProject
Global
	GlobalSection(SolutionConfigurationPlatforms) = preSolution
		Debug|Any CPU = Debug|Any CPU
		Release|Any CPU = Release|Any CPU
	EndGlobalSection
	GlobalSection(ProjectConfigurationPlatforms) = postSolution
		{E450F8CA-63C3-4418-AA7B-97B162A2613F}.Debug|Any CPU.ActiveCfg = Debug|Any CPU
		{E450F8CA-63C3-4418-AA7B-97B162A2613F}.Debug|Any CPU.Build.0 = Debug|Any CPU
		{E450F8CA-63C3-4418-AA7B-97B162A2613F}.Release|Any CPU.ActiveCfg = Release|Any CPU
		{E450F8CA-63C3-4418-AA7B-97B162A2613F}.Release|Any CPU.Build.0 = Release|Any CPU
		{A0BC8B31-B9F2-4997-B3D9-3AFDC3FC9CCA}.Debug|Any CPU.ActiveCfg = Debug|Any CPU
		{A0BC8B31-B9F2-4997-B3D9-3AFDC3FC9CCA}.Debug|Any CPU.Build.0 = Debug|Any CPU
		{A0BC8B31-B9F2-4997-B3D9-3AFDC3FC9CCA}.Release|Any CPU.ActiveCfg = Release|Any CPU
		{A0BC8B31-B9F2-4997-B3D9-3AFDC3FC9CCA}.Release|Any CPU.Build.0 = Release|Any CPU
		{E4C66D33-4125-4029-966A-F47E005BDC0F}.Debug|Any CPU.ActiveCfg = Debug|Any CPU
		{E4C66D33-4125-4029-966A-F47E005BDC0F}.Debug|Any CPU.Build.0 = Debug|Any CPU
		{E4C66D33-4125-4029-966A-F47E005BDC0F}.Release|Any CPU.ActiveCfg = Release|Any CPU
		{E4C66D33-4125-4029-966A-F47E005BDC0F}.Release|Any CPU.Build.0 = Release|Any CPU
		{08179FF6-C1F4-4568-A3C4-8780A7AC6A13}.Debug|Any CPU.ActiveCfg = Debug|Any CPU
		{08179FF6-C1F4-4568-A3C4-8780A7AC6A13}.Debug|Any CPU.Build.0 = Debug|Any CPU
		{08179FF6-C1F4-4568-A3C4-8780A7AC6A13}.Release|Any CPU.ActiveCfg = Release|Any CPU
		{08179FF6-C1F4-4568-A3C4-8780A7AC6A13}.Release|Any CPU.Build.0 = Release|Any CPU
		{463DC79A-41B7-4FC4-8327-0743FE291331}.Debug|Any CPU.ActiveCfg = Debug|Any CPU
		{463DC79A-41B7-4FC4-8327-0743FE291331}.Debug|Any CPU.Build.0 = Debug|Any CPU
		{463DC79A-41B7-4FC4-8327-0743FE291331}.Release|Any CPU.ActiveCfg = Release|Any CPU
		{463DC79A-41B7-4FC4-8327-0743FE291331}.Release|Any CPU.Build.0 = Release|Any CPU
		{29FBE218-845D-4986-8D30-65328AAD40BE}.Debug|Any CPU.ActiveCfg = Debug|Any CPU
		{29FBE218-845D-4986-8D30-65328AAD40BE}.Debug|Any CPU.Build.0 = Debug|Any CPU
		{29FBE218-845D-4986-8D30-65328AAD40BE}.Release|Any CPU.ActiveCfg = Release|Any CPU
		{29FBE218-845D-4986-8D30-65328AAD40BE}.Release|Any CPU.Build.0 = Release|Any CPU
		{1D362039-85BC-4010-ABF6-218C6B60A1E5}.Debug|Any CPU.ActiveCfg = Debug|Any CPU
		{1D362039-85BC-4010-ABF6-218C6B60A1E5}.Debug|Any CPU.Build.0 = Debug|Any CPU
		{1D362039-85BC-4010-ABF6-218C6B60A1E5}.Release|Any CPU.ActiveCfg = Release|Any CPU
		{1D362039-85BC-4010-ABF6-218C6B60A1E5}.Release|Any CPU.Build.0 = Release|Any CPU
		{22B4F0C1-17D8-4E03-B9DE-182CD5F58450}.Debug|Any CPU.ActiveCfg = Debug|Any CPU
		{22B4F0C1-17D8-4E03-B9DE-182CD5F58450}.Debug|Any CPU.Build.0 = Debug|Any CPU
		{22B4F0C1-17D8-4E03-B9DE-182CD5F58450}.Release|Any CPU.ActiveCfg = Release|Any CPU
		{22B4F0C1-17D8-4E03-B9DE-182CD5F58450}.Release|Any CPU.Build.0 = Release|Any CPU
		{55B9DE41-C226-476C-8CB9-BB8017231619}.Debug|Any CPU.ActiveCfg = Debug|Any CPU
		{55B9DE41-C226-476C-8CB9-BB8017231619}.Debug|Any CPU.Build.0 = Debug|Any CPU
		{55B9DE41-C226-476C-8CB9-BB8017231619}.Release|Any CPU.ActiveCfg = Release|Any CPU
		{55B9DE41-C226-476C-8CB9-BB8017231619}.Release|Any CPU.Build.0 = Release|Any CPU
		{A88AA588-24CE-49AE-BDFB-975B9CFD4643}.Debug|Any CPU.ActiveCfg = Debug|Any CPU
		{A88AA588-24CE-49AE-BDFB-975B9CFD4643}.Debug|Any CPU.Build.0 = Debug|Any CPU
		{A88AA588-24CE-49AE-BDFB-975B9CFD4643}.Release|Any CPU.ActiveCfg = Release|Any CPU
		{A88AA588-24CE-49AE-BDFB-975B9CFD4643}.Release|Any CPU.Build.0 = Release|Any CPU
		{3C598CA2-A29F-468E-AC16-9501574B0451}.Debug|Any CPU.ActiveCfg = Debug|Any CPU
		{3C598CA2-A29F-468E-AC16-9501574B0451}.Debug|Any CPU.Build.0 = Debug|Any CPU
		{3C598CA2-A29F-468E-AC16-9501574B0451}.Release|Any CPU.ActiveCfg = Release|Any CPU
		{3C598CA2-A29F-468E-AC16-9501574B0451}.Release|Any CPU.Build.0 = Release|Any CPU
		{19A7D654-986D-464D-9DB8-B9F21EBA6AFF}.Debug|Any CPU.ActiveCfg = Debug|Any CPU
		{19A7D654-986D-464D-9DB8-B9F21EBA6AFF}.Debug|Any CPU.Build.0 = Debug|Any CPU
		{19A7D654-986D-464D-9DB8-B9F21EBA6AFF}.Release|Any CPU.ActiveCfg = Release|Any CPU
		{19A7D654-986D-464D-9DB8-B9F21EBA6AFF}.Release|Any CPU.Build.0 = Release|Any CPU
		{E8AAD5E2-90EF-4C47-86EB-58FC984F5F54}.Debug|Any CPU.ActiveCfg = Debug|Any CPU
		{E8AAD5E2-90EF-4C47-86EB-58FC984F5F54}.Debug|Any CPU.Build.0 = Debug|Any CPU
		{E8AAD5E2-90EF-4C47-86EB-58FC984F5F54}.Release|Any CPU.ActiveCfg = Release|Any CPU
		{E8AAD5E2-90EF-4C47-86EB-58FC984F5F54}.Release|Any CPU.Build.0 = Release|Any CPU
		{459B070A-B111-4D72-9E7B-6217365CD4E1}.Debug|Any CPU.ActiveCfg = Debug|Any CPU
		{459B070A-B111-4D72-9E7B-6217365CD4E1}.Debug|Any CPU.Build.0 = Debug|Any CPU
		{459B070A-B111-4D72-9E7B-6217365CD4E1}.Release|Any CPU.ActiveCfg = Release|Any CPU
		{459B070A-B111-4D72-9E7B-6217365CD4E1}.Release|Any CPU.Build.0 = Release|Any CPU
		{9248F731-5DD4-4E3D-BA5F-6A740C58F8DF}.Debug|Any CPU.ActiveCfg = Debug|Any CPU
		{9248F731-5DD4-4E3D-BA5F-6A740C58F8DF}.Debug|Any CPU.Build.0 = Debug|Any CPU
		{9248F731-5DD4-4E3D-BA5F-6A740C58F8DF}.Release|Any CPU.ActiveCfg = Release|Any CPU
		{9248F731-5DD4-4E3D-BA5F-6A740C58F8DF}.Release|Any CPU.Build.0 = Release|Any CPU
		{EA648A94-698A-46CB-AD13-408934CED3B7}.Debug|Any CPU.ActiveCfg = Debug|Any CPU
		{EA648A94-698A-46CB-AD13-408934CED3B7}.Debug|Any CPU.Build.0 = Debug|Any CPU
		{EA648A94-698A-46CB-AD13-408934CED3B7}.Release|Any CPU.ActiveCfg = Release|Any CPU
		{EA648A94-698A-46CB-AD13-408934CED3B7}.Release|Any CPU.Build.0 = Release|Any CPU
		{E8C3747F-8E3F-425F-91D9-0EB92CD407DF}.Debug|Any CPU.ActiveCfg = Debug|Any CPU
		{E8C3747F-8E3F-425F-91D9-0EB92CD407DF}.Debug|Any CPU.Build.0 = Debug|Any CPU
		{E8C3747F-8E3F-425F-91D9-0EB92CD407DF}.Release|Any CPU.ActiveCfg = Release|Any CPU
		{E8C3747F-8E3F-425F-91D9-0EB92CD407DF}.Release|Any CPU.Build.0 = Release|Any CPU
		{199212E7-EC9D-4686-A22B-F5D1E60296CD}.Debug|Any CPU.ActiveCfg = Debug|Any CPU
		{199212E7-EC9D-4686-A22B-F5D1E60296CD}.Debug|Any CPU.Build.0 = Debug|Any CPU
		{199212E7-EC9D-4686-A22B-F5D1E60296CD}.Release|Any CPU.ActiveCfg = Release|Any CPU
		{199212E7-EC9D-4686-A22B-F5D1E60296CD}.Release|Any CPU.Build.0 = Release|Any CPU
		{B64722BE-EE96-4D53-8AA0-122A12607F9A}.Debug|Any CPU.ActiveCfg = Debug|Any CPU
		{B64722BE-EE96-4D53-8AA0-122A12607F9A}.Debug|Any CPU.Build.0 = Debug|Any CPU
		{B64722BE-EE96-4D53-8AA0-122A12607F9A}.Release|Any CPU.ActiveCfg = Release|Any CPU
		{B64722BE-EE96-4D53-8AA0-122A12607F9A}.Release|Any CPU.Build.0 = Release|Any CPU
		{500D1D7A-EAE5-4036-A906-F08AB79936C8}.Debug|Any CPU.ActiveCfg = Debug|Any CPU
		{500D1D7A-EAE5-4036-A906-F08AB79936C8}.Debug|Any CPU.Build.0 = Debug|Any CPU
		{500D1D7A-EAE5-4036-A906-F08AB79936C8}.Release|Any CPU.ActiveCfg = Release|Any CPU
		{500D1D7A-EAE5-4036-A906-F08AB79936C8}.Release|Any CPU.Build.0 = Release|Any CPU
		{A20A4FF0-A308-4344-8DC0-15B1B7DF8C06}.Debug|Any CPU.ActiveCfg = Debug|Any CPU
		{A20A4FF0-A308-4344-8DC0-15B1B7DF8C06}.Debug|Any CPU.Build.0 = Debug|Any CPU
		{A20A4FF0-A308-4344-8DC0-15B1B7DF8C06}.Release|Any CPU.ActiveCfg = Release|Any CPU
		{A20A4FF0-A308-4344-8DC0-15B1B7DF8C06}.Release|Any CPU.Build.0 = Release|Any CPU
		{DE72EDCF-0F04-44B8-BFE5-90DDAEADB0FA}.Debug|Any CPU.ActiveCfg = Debug|Any CPU
		{DE72EDCF-0F04-44B8-BFE5-90DDAEADB0FA}.Debug|Any CPU.Build.0 = Debug|Any CPU
		{DE72EDCF-0F04-44B8-BFE5-90DDAEADB0FA}.Release|Any CPU.ActiveCfg = Release|Any CPU
		{DE72EDCF-0F04-44B8-BFE5-90DDAEADB0FA}.Release|Any CPU.Build.0 = Release|Any CPU
		{FFEB4046-9262-49C3-AA5B-5AC07A108C5C}.Debug|Any CPU.ActiveCfg = Debug|Any CPU
		{FFEB4046-9262-49C3-AA5B-5AC07A108C5C}.Debug|Any CPU.Build.0 = Debug|Any CPU
		{FFEB4046-9262-49C3-AA5B-5AC07A108C5C}.Release|Any CPU.ActiveCfg = Release|Any CPU
		{FFEB4046-9262-49C3-AA5B-5AC07A108C5C}.Release|Any CPU.Build.0 = Release|Any CPU
		{82067114-BFA4-48F5-B922-3A04C1E538CA}.Debug|Any CPU.ActiveCfg = Debug|Any CPU
		{82067114-BFA4-48F5-B922-3A04C1E538CA}.Debug|Any CPU.Build.0 = Debug|Any CPU
		{82067114-BFA4-48F5-B922-3A04C1E538CA}.Release|Any CPU.ActiveCfg = Release|Any CPU
		{82067114-BFA4-48F5-B922-3A04C1E538CA}.Release|Any CPU.Build.0 = Release|Any CPU
	EndGlobalSection
	GlobalSection(SolutionProperties) = preSolution
		HideSolutionNode = FALSE
	EndGlobalSection
	GlobalSection(NestedProjects) = preSolution
		{E450F8CA-63C3-4418-AA7B-97B162A2613F} = {D792B3AF-670E-4724-8FC5-1B704240A77D}
		{A0BC8B31-B9F2-4997-B3D9-3AFDC3FC9CCA} = {814E0F06-262C-430F-A172-B99AA0DCCEF8}
		{E4C66D33-4125-4029-966A-F47E005BDC0F} = {814E0F06-262C-430F-A172-B99AA0DCCEF8}
		{08179FF6-C1F4-4568-A3C4-8780A7AC6A13} = {814E0F06-262C-430F-A172-B99AA0DCCEF8}
		{463DC79A-41B7-4FC4-8327-0743FE291331} = {814E0F06-262C-430F-A172-B99AA0DCCEF8}
		{29FBE218-845D-4986-8D30-65328AAD40BE} = {814E0F06-262C-430F-A172-B99AA0DCCEF8}
		{1D362039-85BC-4010-ABF6-218C6B60A1E5} = {EC194F91-8468-40CF-A904-A18A77689DDD}
		{22B4F0C1-17D8-4E03-B9DE-182CD5F58450} = {EC194F91-8468-40CF-A904-A18A77689DDD}
		{55B9DE41-C226-476C-8CB9-BB8017231619} = {D49A52E4-0215-44DC-92E4-31C9EE255ED3}
		{A88AA588-24CE-49AE-BDFB-975B9CFD4643} = {D49A52E4-0215-44DC-92E4-31C9EE255ED3}
		{814E0F06-262C-430F-A172-B99AA0DCCEF8} = {7A370931-95B3-4DFF-B988-98E64EFA6EC9}
		{D49A52E4-0215-44DC-92E4-31C9EE255ED3} = {7A370931-95B3-4DFF-B988-98E64EFA6EC9}
		{EC194F91-8468-40CF-A904-A18A77689DDD} = {D49A52E4-0215-44DC-92E4-31C9EE255ED3}
		{3C598CA2-A29F-468E-AC16-9501574B0451} = {7A370931-95B3-4DFF-B988-98E64EFA6EC9}
		{19A7D654-986D-464D-9DB8-B9F21EBA6AFF} = {7A370931-95B3-4DFF-B988-98E64EFA6EC9}
		{E8AAD5E2-90EF-4C47-86EB-58FC984F5F54} = {7A370931-95B3-4DFF-B988-98E64EFA6EC9}
		{459B070A-B111-4D72-9E7B-6217365CD4E1} = {7A370931-95B3-4DFF-B988-98E64EFA6EC9}
		{C1E1C883-597B-4EFD-A470-08595F25D835} = {7A370931-95B3-4DFF-B988-98E64EFA6EC9}
		{9248F731-5DD4-4E3D-BA5F-6A740C58F8DF} = {C1E1C883-597B-4EFD-A470-08595F25D835}
		{EA648A94-698A-46CB-AD13-408934CED3B7} = {BDD5CD6E-3925-4328-8927-A38C97024E77}
		{E8C3747F-8E3F-425F-91D9-0EB92CD407DF} = {BDD5CD6E-3925-4328-8927-A38C97024E77}
		{199212E7-EC9D-4686-A22B-F5D1E60296CD} = {BDD5CD6E-3925-4328-8927-A38C97024E77}
		{BDD5CD6E-3925-4328-8927-A38C97024E77} = {C1E1C883-597B-4EFD-A470-08595F25D835}
		{B64722BE-EE96-4D53-8AA0-122A12607F9A} = {7A370931-95B3-4DFF-B988-98E64EFA6EC9}
		{500D1D7A-EAE5-4036-A906-F08AB79936C8} = {7A370931-95B3-4DFF-B988-98E64EFA6EC9}
		{A20A4FF0-A308-4344-8DC0-15B1B7DF8C06} = {7A370931-95B3-4DFF-B988-98E64EFA6EC9}
		{DE72EDCF-0F04-44B8-BFE5-90DDAEADB0FA} = {814E0F06-262C-430F-A172-B99AA0DCCEF8}
		{FFEB4046-9262-49C3-AA5B-5AC07A108C5C} = {814E0F06-262C-430F-A172-B99AA0DCCEF8}
		{82067114-BFA4-48F5-B922-3A04C1E538CA} = {814E0F06-262C-430F-A172-B99AA0DCCEF8}
	EndGlobalSection
	GlobalSection(ExtensibilityGlobals) = postSolution
		SolutionGuid = {052870B8-C6D5-45C2-B8EB-C0DB66A4C6DB}
	EndGlobalSection
EndGlobal
